<?xml version="1.0" encoding="utf-8"?>
<Project ToolsVersion="4.0" xmlns="http://schemas.microsoft.com/developer/msbuild/2003">
  <ItemGroup>
    <Filter Include="Source Files">
      <UniqueIdentifier>{4FC737F1-C7A5-4376-A066-2A32D752A2FF}</UniqueIdentifier>
      <Extensions>cpp;c;cc;cxx;c++;cppm;ixx;def;odl;idl;hpj;bat;asm;asmx</Extensions>
    </Filter>
    <Filter Include="Header Files">
      <UniqueIdentifier>{93995380-89BD-4b04-88EB-625FBE52EBFB}</UniqueIdentifier>
      <Extensions>h;hh;hpp;hxx;h++;hm;inl;inc;ipp;xsd</Extensions>
    </Filter>
    <Filter Include="Resource Files">
      <UniqueIdentifier>{67DA6AB6-F800-4c08-8B7A-83BB121AAD01}</UniqueIdentifier>
      <Extensions>rc;ico;cur;bmp;dlg;rc2;rct;bin;rgs;gif;jpg;jpeg;jpe;resx;tiff;tif;png;wav;mfcribbon-ms</Extensions>
    </Filter>
  </ItemGroup>
  <ItemGroup>
    <ClCompile Include="Fivem-External.cpp">
      <Filter>Source Files</Filter>
    </ClCompile>
    <ClCompile Include="FrameWork\Render\Interface.cpp">
      <Filter>Source Files</Filter>
    </ClCompile>
    <ClCompile Include="FrameWork\Render\Overlay.cpp">
      <Filter>Source Files</Filter>
    </ClCompile>
    <ClCompile Include="FrameWork\Utilities\Memory.cpp">
      <Filter>Source Files</Filter>
    </ClCompile>
    <ClCompile Include="FrameWork\Utilities\Misc.cpp">
      <Filter>Source Files</Filter>
    </ClCompile>
    <ClCompile Include="Cheat\Cheat.cpp">
      <Filter>Source Files</Filter>
    </ClCompile>
    <ClCompile Include="Cheat\FivemSDK\Fivem.cpp">
      <Filter>Source Files</Filter>
    </ClCompile>
    <ClCompile Include="Cheat\Features\Visuals\PlayerESP.cpp">
      <Filter>Source Files</Filter>
    </ClCompile>
    <ClCompile Include="Cheat\Features\LegitBot\AimBot.cpp">
      <Filter>Source Files</Filter>
    </ClCompile>
    <ClCompile Include="Cheat\Features\LegitBot\TriggerBot.cpp">
      <Filter>Source Files</Filter>
    </ClCompile>
    <ClCompile Include="Cheat\Features\LegitBot\SilentAim.cpp">
      <Filter>Source Files</Filter>
    </ClCompile>
    <ClCompile Include="FrameWork\Render\Assets.cpp">
      <Filter>Source Files</Filter>
    </ClCompile>
    <ClCompile Include="FrameWork\Dependencies\ImGui\imgui.cpp">
      <Filter>Source Files</Filter>
    </ClCompile>
    <ClCompile Include="FrameWork\Dependencies\ImGui\imgui_draw.cpp">
      <Filter>Source Files</Filter>
    </ClCompile>
    <ClCompile Include="FrameWork\Dependencies\ImGui\imgui_impl_dx11.cpp">
      <Filter>Source Files</Filter>
    </ClCompile>
    <ClCompile Include="FrameWork\Dependencies\ImGui\imgui_impl_win32.cpp">
      <Filter>Source Files</Filter>
    </ClCompile>
    <ClCompile Include="FrameWork\Dependencies\ImGui\imgui_stdlib.cpp">
      <Filter>Source Files</Filter>
    </ClCompile>
    <ClCompile Include="FrameWork\Dependencies\ImGui\imgui_tables.cpp">
      <Filter>Source Files</Filter>
    </ClCompile>
    <ClCompile Include="FrameWork\Dependencies\ImGui\imgui_widgets.cpp">
      <Filter>Source Files</Filter>
    </ClCompile>
    <ClCompile Include="Cheat\Features\Visuals\VehicleESP.cpp">
      <Filter>Source Files</Filter>
    </ClCompile>
    <ClCompile Include="Cheat\ConfigSystem.cpp">
      <Filter>Source Files</Filter>
    </ClCompile>
    <ClCompile Include="Cheat\Features\Misc\Exploits.cpp">
      <Filter>Source Files</Filter>
    </ClCompile>
  </ItemGroup>
  <ItemGroup>
    <ClInclude Include="FrameWork\Dependencies\DirectX\Include\audiodefs.h">
      <Filter>Header Files</Filter>
    </ClInclude>
    <ClInclude Include="FrameWork\Dependencies\DirectX\Include\comdecl.h">
      <Filter>Header Files</Filter>
    </ClInclude>
    <ClInclude Include="FrameWork\Dependencies\DirectX\Include\D2D1.h">
      <Filter>Header Files</Filter>
    </ClInclude>
    <ClInclude Include="FrameWork\Dependencies\DirectX\Include\D2D1Helper.h">
      <Filter>Header Files</Filter>
    </ClInclude>
    <ClInclude Include="FrameWork\Dependencies\DirectX\Include\D2DBaseTypes.h">
      <Filter>Header Files</Filter>
    </ClInclude>
    <ClInclude Include="FrameWork\Dependencies\DirectX\Include\D2Derr.h">
      <Filter>Header Files</Filter>
    </ClInclude>
    <ClInclude Include="FrameWork\Dependencies\DirectX\Include\d3d9.h">
      <Filter>Header Files</Filter>
    </ClInclude>
    <ClInclude Include="FrameWork\Dependencies\DirectX\Include\d3d9caps.h">
      <Filter>Header Files</Filter>
    </ClInclude>
    <ClInclude Include="FrameWork\Dependencies\DirectX\Include\d3d9types.h">
      <Filter>Header Files</Filter>
    </ClInclude>
    <ClInclude Include="FrameWork\Dependencies\DirectX\Include\D3D10.h">
      <Filter>Header Files</Filter>
    </ClInclude>
    <ClInclude Include="FrameWork\Dependencies\DirectX\Include\D3D10_1.h">
      <Filter>Header Files</Filter>
    </ClInclude>
    <ClInclude Include="FrameWork\Dependencies\DirectX\Include\D3D10_1shader.h">
      <Filter>Header Files</Filter>
    </ClInclude>
    <ClInclude Include="FrameWork\Dependencies\DirectX\Include\D3D10effect.h">
      <Filter>Header Files</Filter>
    </ClInclude>
    <ClInclude Include="FrameWork\Dependencies\DirectX\Include\d3d10misc.h">
      <Filter>Header Files</Filter>
    </ClInclude>
    <ClInclude Include="FrameWork\Dependencies\DirectX\Include\d3d10sdklayers.h">
      <Filter>Header Files</Filter>
    </ClInclude>
    <ClInclude Include="FrameWork\Dependencies\DirectX\Include\D3D10shader.h">
      <Filter>Header Files</Filter>
    </ClInclude>
    <ClInclude Include="FrameWork\Dependencies\DirectX\Include\D3D11.h">
      <Filter>Header Files</Filter>
    </ClInclude>
    <ClInclude Include="FrameWork\Dependencies\DirectX\Include\D3D11SDKLayers.h">
      <Filter>Header Files</Filter>
    </ClInclude>
    <ClInclude Include="FrameWork\Dependencies\DirectX\Include\D3D11Shader.h">
      <Filter>Header Files</Filter>
    </ClInclude>
    <ClInclude Include="FrameWork\Dependencies\DirectX\Include\D3Dcommon.h">
      <Filter>Header Files</Filter>
    </ClInclude>
    <ClInclude Include="FrameWork\Dependencies\DirectX\Include\D3Dcompiler.h">
      <Filter>Header Files</Filter>
    </ClInclude>
    <ClInclude Include="FrameWork\Dependencies\DirectX\Include\D3DCSX.h">
      <Filter>Header Files</Filter>
    </ClInclude>
    <ClInclude Include="FrameWork\Dependencies\DirectX\Include\d3dx9.h">
      <Filter>Header Files</Filter>
    </ClInclude>
    <ClInclude Include="FrameWork\Dependencies\DirectX\Include\d3dx9anim.h">
      <Filter>Header Files</Filter>
    </ClInclude>
    <ClInclude Include="FrameWork\Dependencies\DirectX\Include\d3dx9core.h">
      <Filter>Header Files</Filter>
    </ClInclude>
    <ClInclude Include="FrameWork\Dependencies\DirectX\Include\d3dx9effect.h">
      <Filter>Header Files</Filter>
    </ClInclude>
    <ClInclude Include="FrameWork\Dependencies\DirectX\Include\d3dx9math.h">
      <Filter>Header Files</Filter>
    </ClInclude>
    <ClInclude Include="FrameWork\Dependencies\DirectX\Include\d3dx9mesh.h">
      <Filter>Header Files</Filter>
    </ClInclude>
    <ClInclude Include="FrameWork\Dependencies\DirectX\Include\d3dx9shader.h">
      <Filter>Header Files</Filter>
    </ClInclude>
    <ClInclude Include="FrameWork\Dependencies\DirectX\Include\d3dx9shape.h">
      <Filter>Header Files</Filter>
    </ClInclude>
    <ClInclude Include="FrameWork\Dependencies\DirectX\Include\d3dx9tex.h">
      <Filter>Header Files</Filter>
    </ClInclude>
    <ClInclude Include="FrameWork\Dependencies\DirectX\Include\d3dx9xof.h">
      <Filter>Header Files</Filter>
    </ClInclude>
    <ClInclude Include="FrameWork\Dependencies\DirectX\Include\D3DX10.h">
      <Filter>Header Files</Filter>
    </ClInclude>
    <ClInclude Include="FrameWork\Dependencies\DirectX\Include\d3dx10async.h">
      <Filter>Header Files</Filter>
    </ClInclude>
    <ClInclude Include="FrameWork\Dependencies\DirectX\Include\D3DX10core.h">
      <Filter>Header Files</Filter>
    </ClInclude>
    <ClInclude Include="FrameWork\Dependencies\DirectX\Include\D3DX10math.h">
      <Filter>Header Files</Filter>
    </ClInclude>
    <ClInclude Include="FrameWork\Dependencies\DirectX\Include\D3DX10mesh.h">
      <Filter>Header Files</Filter>
    </ClInclude>
    <ClInclude Include="FrameWork\Dependencies\DirectX\Include\D3DX10tex.h">
      <Filter>Header Files</Filter>
    </ClInclude>
    <ClInclude Include="FrameWork\Dependencies\DirectX\Include\D3DX11.h">
      <Filter>Header Files</Filter>
    </ClInclude>
    <ClInclude Include="FrameWork\Dependencies\DirectX\Include\D3DX11async.h">
      <Filter>Header Files</Filter>
    </ClInclude>
    <ClInclude Include="FrameWork\Dependencies\DirectX\Include\D3DX11core.h">
      <Filter>Header Files</Filter>
    </ClInclude>
    <ClInclude Include="FrameWork\Dependencies\DirectX\Include\D3DX11tex.h">
      <Filter>Header Files</Filter>
    </ClInclude>
    <ClInclude Include="FrameWork\Dependencies\DirectX\Include\Dcommon.h">
      <Filter>Header Files</Filter>
    </ClInclude>
    <ClInclude Include="FrameWork\Dependencies\DirectX\Include\dinput.h">
      <Filter>Header Files</Filter>
    </ClInclude>
    <ClInclude Include="FrameWork\Dependencies\DirectX\Include\dinputd.h">
      <Filter>Header Files</Filter>
    </ClInclude>
    <ClInclude Include="FrameWork\Dependencies\DirectX\Include\dsconf.h">
      <Filter>Header Files</Filter>
    </ClInclude>
    <ClInclude Include="FrameWork\Dependencies\DirectX\Include\dsetup.h">
      <Filter>Header Files</Filter>
    </ClInclude>
    <ClInclude Include="FrameWork\Dependencies\DirectX\Include\dsound.h">
      <Filter>Header Files</Filter>
    </ClInclude>
    <ClInclude Include="FrameWork\Dependencies\DirectX\Include\DWrite.h">
      <Filter>Header Files</Filter>
    </ClInclude>
    <ClInclude Include="FrameWork\Dependencies\DirectX\Include\dxdiag.h">
      <Filter>Header Files</Filter>
    </ClInclude>
    <ClInclude Include="FrameWork\Dependencies\DirectX\Include\DxErr.h">
      <Filter>Header Files</Filter>
    </ClInclude>
    <ClInclude Include="FrameWork\Dependencies\DirectX\Include\dxfile.h">
      <Filter>Header Files</Filter>
    </ClInclude>
    <ClInclude Include="FrameWork\Dependencies\DirectX\Include\DXGI.h">
      <Filter>Header Files</Filter>
    </ClInclude>
    <ClInclude Include="FrameWork\Dependencies\DirectX\Include\DXGIFormat.h">
      <Filter>Header Files</Filter>
    </ClInclude>
    <ClInclude Include="FrameWork\Dependencies\DirectX\Include\DXGIType.h">
      <Filter>Header Files</Filter>
    </ClInclude>
    <ClInclude Include="FrameWork\Dependencies\DirectX\Include\dxsdkver.h">
      <Filter>Header Files</Filter>
    </ClInclude>
    <ClInclude Include="FrameWork\Dependencies\DirectX\Include\gameux.h">
      <Filter>Header Files</Filter>
    </ClInclude>
    <ClInclude Include="FrameWork\Dependencies\DirectX\Include\PIXPlugin.h">
      <Filter>Header Files</Filter>
    </ClInclude>
    <ClInclude Include="FrameWork\Dependencies\DirectX\Include\rmxfguid.h">
      <Filter>Header Files</Filter>
    </ClInclude>
    <ClInclude Include="FrameWork\Dependencies\DirectX\Include\rmxftmpl.h">
      <Filter>Header Files</Filter>
    </ClInclude>
    <ClInclude Include="FrameWork\Dependencies\DirectX\Include\rpcsal.h">
      <Filter>Header Files</Filter>
    </ClInclude>
    <ClInclude Include="FrameWork\Dependencies\DirectX\Include\X3DAudio.h">
      <Filter>Header Files</Filter>
    </ClInclude>
    <ClInclude Include="FrameWork\Dependencies\DirectX\Include\xact3.h">
      <Filter>Header Files</Filter>
    </ClInclude>
    <ClInclude Include="FrameWork\Dependencies\DirectX\Include\xact3d3.h">
      <Filter>Header Files</Filter>
    </ClInclude>
    <ClInclude Include="FrameWork\Dependencies\DirectX\Include\xact3wb.h">
      <Filter>Header Files</Filter>
    </ClInclude>
    <ClInclude Include="FrameWork\Dependencies\DirectX\Include\XAPO.h">
      <Filter>Header Files</Filter>
    </ClInclude>
    <ClInclude Include="FrameWork\Dependencies\DirectX\Include\XAPOBase.h">
      <Filter>Header Files</Filter>
    </ClInclude>
    <ClInclude Include="FrameWork\Dependencies\DirectX\Include\XAPOFX.h">
      <Filter>Header Files</Filter>
    </ClInclude>
    <ClInclude Include="FrameWork\Dependencies\DirectX\Include\XAudio2.h">
      <Filter>Header Files</Filter>
    </ClInclude>
    <ClInclude Include="FrameWork\Dependencies\DirectX\Include\XAudio2fx.h">
      <Filter>Header Files</Filter>
    </ClInclude>
    <ClInclude Include="FrameWork\Dependencies\DirectX\Include\XDSP.h">
      <Filter>Header Files</Filter>
    </ClInclude>
    <ClInclude Include="FrameWork\Dependencies\DirectX\Include\XInput.h">
      <Filter>Header Files</Filter>
    </ClInclude>
    <ClInclude Include="FrameWork\Dependencies\DirectX\Include\xma2defs.h">
      <Filter>Header Files</Filter>
    </ClInclude>
    <ClInclude Include="FrameWork\Dependencies\DirectX\Include\xnamath.h">
      <Filter>Header Files</Filter>
    </ClInclude>
    <ClInclude Include="FrameWork\Math\Vectors\Vector2D.hpp">
      <Filter>Header Files</Filter>
    </ClInclude>
    <ClInclude Include="FrameWork\Math\Vectors\Vector3D.hpp">
      <Filter>Header Files</Filter>
    </ClInclude>
    <ClInclude Include="FrameWork\Math\Vectors\Vector4D.hpp">
      <Filter>Header Files</Filter>
    </ClInclude>
    <ClInclude Include="FrameWork\Math\Matrix4x4.hpp">
      <Filter>Header Files</Filter>
    </ClInclude>
    <ClInclude Include="FrameWork\Render\Assets\FontAwesome.hpp">
      <Filter>Header Files</Filter>
    </ClInclude>
    <ClInclude Include="FrameWork\Render\Assets\FontInter.hpp">
      <Filter>Header Files</Filter>
    </ClInclude>
    <ClInclude Include="FrameWork\Render\Assets.hpp">
      <Filter>Header Files</Filter>
    </ClInclude>
    <ClInclude Include="FrameWork\Render\Interface.hpp">
      <Filter>Header Files</Filter>
    </ClInclude>
    <ClInclude Include="FrameWork\Render\Overlay.hpp">
      <Filter>Header Files</Filter>
    </ClInclude>
    <ClInclude Include="FrameWork\Security\LazyImporter.hpp">
      <Filter>Header Files</Filter>
    </ClInclude>
    <ClInclude Include="FrameWork\Security\XorStr.hpp">
      <Filter>Header Files</Filter>
    </ClInclude>
    <ClInclude Include="FrameWork\Utilities\Memory.hpp">
      <Filter>Header Files</Filter>
    </ClInclude>
    <ClInclude Include="FrameWork\Utilities\Misc.hpp">
      <Filter>Header Files</Filter>
    </ClInclude>
    <ClInclude Include="FrameWork\FrameWork.hpp">
      <Filter>Header Files</Filter>
    </ClInclude>
    <ClInclude Include="Cheat\Cheat.hpp">
      <Filter>Header Files</Filter>
    </ClInclude>
    <ClInclude Include="Cheat\FivemSDK\Fivem.hpp">
      <Filter>Header Files</Filter>
    </ClInclude>
    <ClInclude Include="Cheat\FivemSDK\Classes.hpp">
      <Filter>Header Files</Filter>
    </ClInclude>
    <ClInclude Include="Cheat\FivemSDK\Offsets.hpp">
      <Filter>Header Files</Filter>
    </ClInclude>
    <ClInclude Include="Cheat\Features\Visuals\PlayerESP.hpp">
      <Filter>Header Files</Filter>
    </ClInclude>
    <ClInclude Include="Cheat\Options.hpp">
      <Filter>Header Files</Filter>
    </ClInclude>
    <ClInclude Include="FrameWork\Dependencies\NlohmannJson.hpp">
      <Filter>Header Files</Filter>
    </ClInclude>
    <ClInclude Include="Cheat\FivemSDK\GTADefines.hpp">
      <Filter>Header Files</Filter>
    </ClInclude>
    <ClInclude Include="Cheat\Features\LegitBot\AimBot.hpp">
      <Filter>Header Files</Filter>
    </ClInclude>
    <ClInclude Include="Cheat\Features\LegitBot\TriggerBot.hpp">
      <Filter>Header Files</Filter>
    </ClInclude>
    <ClInclude Include="Cheat\Features\LegitBot\SilentAim.hpp">
      <Filter>Header Files</Filter>
    </ClInclude>
    <ClInclude Include="FrameWork\Render\Assets\ImagesBytes.hpp">
      <Filter>Header Files</Filter>
    </ClInclude>
    <ClInclude Include="FrameWork\Dependencies\ImGui\imgui.h">
      <Filter>Header Files</Filter>
    </ClInclude>
    <ClInclude Include="FrameWork\Dependencies\ImGui\imgui_impl_dx11.h">
      <Filter>Header Files</Filter>
    </ClInclude>
    <ClInclude Include="FrameWork\Dependencies\ImGui\imgui_impl_win32.h">
      <Filter>Header Files</Filter>
    </ClInclude>
    <ClInclude Include="FrameWork\Dependencies\ImGui\imgui_internal.h">
      <Filter>Header Files</Filter>
    </ClInclude>
    <ClInclude Include="FrameWork\Dependencies\ImGui\imgui_stdlib.h">
      <Filter>Header Files</Filter>
    </ClInclude>
    <ClInclude Include="FrameWork\Dependencies\ImGui\imstb_rectpack.h">
      <Filter>Header Files</Filter>
    </ClInclude>
    <ClInclude Include="FrameWork\Dependencies\ImGui\imstb_textedit.h">
      <Filter>Header Files</Filter>
    </ClInclude>
    <ClInclude Include="FrameWork\Dependencies\ImGui\imstb_truetype.h">
      <Filter>Header Files</Filter>
    </ClInclude>
    <ClInclude Include="FrameWork\Dependencies\ImGui\imconfig.h">
      <Filter>Header Files</Filter>
    </ClInclude>
    <ClInclude Include="Cheat\Features\Visuals\VehicleESP.hpp">
      <Filter>Header Files</Filter>
    </ClInclude>
    <ClInclude Include="Cheat\ConfigSystem.hpp">
      <Filter>Header Files</Filter>
    </ClInclude>
    <ClInclude Include="FrameWork\Utilities\Base64.hpp">
      <Filter>Header Files</Filter>
    </ClInclude>
    <ClInclude Include="Cheat\Features\Misc\Exploits.hpp">
      <Filter>Header Files</Filter>
    </ClInclude>
  </ItemGroup>
  <ItemGroup>
    <None Include="FrameWork\Dependencies\DirectX\Include\D3DX_DXGIFormatConvert.inl">
      <Filter>Header Files</Filter>
    </None>
    <None Include="FrameWork\Dependencies\DirectX\Include\d3dx9math.inl">
      <Filter>Header Files</Filter>
    </None>
    <None Include="FrameWork\Dependencies\DirectX\Include\D3DX10math.inl">
      <Filter>Header Files</Filter>
    </None>
    <None Include="FrameWork\Dependencies\DirectX\Include\xnamathconvert.inl">
      <Filter>Header Files</Filter>
    </None>
    <None Include="FrameWork\Dependencies\DirectX\Include\xnamathmatrix.inl">
      <Filter>Header Files</Filter>
    </None>
    <None Include="FrameWork\Dependencies\DirectX\Include\xnamathmisc.inl">
      <Filter>Header Files</Filter>
    </None>
    <None Include="FrameWork\Dependencies\DirectX\Include\xnamathvector.inl">
      <Filter>Header Files</Filter>
    </None>
  </ItemGroup>
</Project>